
Microsoft Visual Studio Solution File, Format Version 12.00
# Visual Studio Version 17
VisualStudioVersion = 17.1.32319.34
MinimumVisualStudioVersion = 10.0.40219.1
Project("{9A19103F-16F7-4668-BE54-9A1E7A4F7556}") = "WpfApp1", "WpfApp1\WpfApp1.csproj", "{A29E70CA-6DCD-4D47-B686-9E720B611561}"
EndProject
Global
	GlobalSection(SolutionConfigurationPlatforms) = preSolution
		Debug|Any CPU = Debug|Any CPU
		Release|Any CPU = Release|Any CPU
	EndGlobalSection
	GlobalSection(ProjectConfigurationPlatforms) = postSolution
		{A29E70CA-6DCD-4D47-B686-9E720B611561}.Debug|Any CPU.ActiveCfg = Debug|Any CPU
		{A29E70CA-6DCD-4D47-B686-9E720B611561}.Debug|Any CPU.Build.0 = Debug|Any CPU
		{A29E70CA-6DCD-4D47-B686-9E720B611561}.Release|Any CPU.ActiveCfg = Release|Any CPU
		{A29E70CA-6DCD-4D47-B686-9E720B611561}.Release|Any CPU.Build.0 = Release|Any CPU
	EndGlobalSection
	GlobalSection(SolutionProperties) = preSolution
		HideSolutionNode = FALSE
	EndGlobalSection
	GlobalSection(ExtensibilityGlobals) = postSolution
		SolutionGuid = {54F1DE81-C434-49EE-A71C-0C86C3AF76D0}
	EndGlobalSection
EndGlobal
